<?xml version="1.0" encoding="UTF-8"?>
<!DOCTYPE plist PUBLIC "-//Apple//DTD PLIST 1.0//EN" "http://www.apple.com/DTDs/PropertyList-1.0.dtd">
<plist version="1.0">
<dict>
	<key>archiveVersion</key>
	<string>1</string>
	<key>classes</key>
	<dict/>
	<key>objectVersion</key>
	<string>46</string>
	<key>objects</key>
	<dict>
		<key>20F13024EA99BDEA5ACB61A0</key>
		<dict>
			<key>includeInIndex</key>
			<string>1</string>
			<key>isa</key>
			<string>PBXFileReference</string>
			<key>lastKnownFileType</key>
			<string>text.xcconfig</string>
			<key>name</key>
			<string>Pods-IntegerBarTests.debug.xcconfig</string>
			<key>path</key>
			<string>Pods/Target Support Files/Pods-IntegerBarTests/Pods-IntegerBarTests.debug.xcconfig</string>
			<key>sourceTree</key>
			<string>&lt;group&gt;</string>
		</dict>
		<key>2E20201B8535EEDE2B952989</key>
		<dict>
			<key>buildActionMask</key>
			<string>2147483647</string>
			<key>files</key>
			<array/>
			<key>inputPaths</key>
			<array/>
			<key>isa</key>
			<string>PBXShellScriptBuildPhase</string>
			<key>name</key>
			<string>Check Pods Manifest.lock</string>
			<key>outputPaths</key>
			<array/>
			<key>runOnlyForDeploymentPostprocessing</key>
			<string>0</string>
			<key>shellPath</key>
			<string>/bin/sh</string>
			<key>shellScript</key>
			<string>diff "${PODS_ROOT}/../Podfile.lock" "${PODS_ROOT}/Manifest.lock" &gt; /dev/null
if [[ $? != 0 ]] ; then
    cat &lt;&lt; EOM
error: The sandbox is not in sync with the Podfile.lock. Run 'pod install' or update your CocoaPods installation.
EOM
    exit 1
fi
</string>
			<key>showEnvVarsInLog</key>
			<string>0</string>
		</dict>
		<key>496CF5B12A6AFFE2880FEE4C</key>
		<dict>
			<key>buildActionMask</key>
			<string>2147483647</string>
			<key>files</key>
			<array/>
			<key>inputPaths</key>
			<array/>
			<key>isa</key>
			<string>PBXShellScriptBuildPhase</string>
			<key>name</key>
			<string>Check Pods Manifest.lock</string>
			<key>outputPaths</key>
			<array/>
			<key>runOnlyForDeploymentPostprocessing</key>
			<string>0</string>
			<key>shellPath</key>
			<string>/bin/sh</string>
			<key>shellScript</key>
			<string>diff "${PODS_ROOT}/../Podfile.lock" "${PODS_ROOT}/Manifest.lock" &gt; /dev/null
if [[ $? != 0 ]] ; then
    cat &lt;&lt; EOM
error: The sandbox is not in sync with the Podfile.lock. Run 'pod install' or update your CocoaPods installation.
EOM
    exit 1
fi
</string>
			<key>showEnvVarsInLog</key>
			<string>0</string>
		</dict>
		<key>7BBE4691505C35541BDE6D2B</key>
		<dict>
			<key>children</key>
			<array>
				<string>9BE5EB8BBA0F2B20E9A71AD2</string>
				<string>8E82AC381E918E06AA614767</string>
				<string>20F13024EA99BDEA5ACB61A0</string>
				<string>7E62CD1B4EA6EAF4F81EA255</string>
			</array>
			<key>isa</key>
			<string>PBXGroup</string>
			<key>name</key>
			<string>Pods</string>
			<key>sourceTree</key>
			<string>&lt;group&gt;</string>
		</dict>
		<key>7E1B966C0708BB7184328609</key>
		<dict>
			<key>explicitFileType</key>
			<string>wrapper.framework</string>
			<key>includeInIndex</key>
			<string>0</string>
			<key>isa</key>
			<string>PBXFileReference</string>
			<key>path</key>
			<string>Pods_IntegerBar.framework</string>
			<key>sourceTree</key>
			<string>BUILT_PRODUCTS_DIR</string>
		</dict>
		<key>7E62CD1B4EA6EAF4F81EA255</key>
		<dict>
			<key>includeInIndex</key>
			<string>1</string>
			<key>isa</key>
			<string>PBXFileReference</string>
			<key>lastKnownFileType</key>
			<string>text.xcconfig</string>
			<key>name</key>
			<string>Pods-IntegerBarTests.release.xcconfig</string>
			<key>path</key>
			<string>Pods/Target Support Files/Pods-IntegerBarTests/Pods-IntegerBarTests.release.xcconfig</string>
			<key>sourceTree</key>
			<string>&lt;group&gt;</string>
		</dict>
		<key>8E82AC381E918E06AA614767</key>
		<dict>
			<key>includeInIndex</key>
			<string>1</string>
			<key>isa</key>
			<string>PBXFileReference</string>
			<key>lastKnownFileType</key>
			<string>text.xcconfig</string>
			<key>name</key>
			<string>Pods-IntegerBar.release.xcconfig</string>
			<key>path</key>
			<string>Pods/Target Support Files/Pods-IntegerBar/Pods-IntegerBar.release.xcconfig</string>
			<key>sourceTree</key>
			<string>&lt;group&gt;</string>
		</dict>
		<key>9124349A1CA17DA000F05F51</key>
		<dict>
			<key>fileEncoding</key>
			<string>4</string>
			<key>isa</key>
			<string>PBXFileReference</string>
			<key>lastKnownFileType</key>
			<string>sourcecode.c.h</string>
			<key>path</key>
			<string>NewsFeedController.h</string>
			<key>sourceTree</key>
			<string>&lt;group&gt;</string>
		</dict>
		<key>9124349B1CA17DA000F05F51</key>
		<dict>
			<key>fileEncoding</key>
			<string>4</string>
			<key>isa</key>
			<string>PBXFileReference</string>
			<key>lastKnownFileType</key>
			<string>sourcecode.c.objc</string>
			<key>path</key>
			<string>NewsFeedController.m</string>
			<key>sourceTree</key>
			<string>&lt;group&gt;</string>
		</dict>
		<key>9124349C1CA17DA000F05F51</key>
		<dict>
			<key>fileRef</key>
			<string>9124349B1CA17DA000F05F51</string>
			<key>isa</key>
			<string>PBXBuildFile</string>
		</dict>
		<key>9124A0D91CAAF43200E6D8D9</key>
		<dict>
			<key>fileEncoding</key>
			<string>4</string>
			<key>isa</key>
			<string>PBXFileReference</string>
			<key>lastKnownFileType</key>
			<string>file.storyboard</string>
			<key>name</key>
			<string>NewsFeed.storyboard</string>
			<key>path</key>
			<string>../NewsFeed.storyboard</string>
			<key>sourceTree</key>
			<string>&lt;group&gt;</string>
		</dict>
		<key>9124A0DA1CAAF43200E6D8D9</key>
		<dict>
			<key>fileRef</key>
			<string>9124A0D91CAAF43200E6D8D9</string>
			<key>isa</key>
			<string>PBXBuildFile</string>
		</dict>
		<key>9124A0DC1CAAF9A200E6D8D9</key>
		<dict>
			<key>children</key>
			<array>
				<string>9C4F88331CC6AEDB00ED2AAA</string>
				<string>9C4F88341CC6AEDB00ED2AAA</string>
				<string>91B2AFEC1CA68AC10059D26B</string>
				<string>91B2AFED1CA68AC10059D26B</string>
				<string>91E2C1441CC009B000E057B6</string>
				<string>91E2C1451CC009B000E057B6</string>
				<string>912636221CAD68AF00661C52</string>
				<string>912636231CAD68AF00661C52</string>
			</array>
			<key>isa</key>
			<string>PBXGroup</string>
			<key>name</key>
			<string>Model</string>
			<key>sourceTree</key>
			<string>&lt;group&gt;</string>
		</dict>
		<key>9124A0DD1CAAF9A700E6D8D9</key>
		<dict>
			<key>children</key>
			<array>
				<string>912D589F1CC6A54D00ABEAA7</string>
				<string>C33E58EF1CAC494400860EBF</string>
				<string>9124A0DF1CAAF9FF00E6D8D9</string>
				<string>9C416ECE1CAB023900CACC79</string>
				<string>91BC75771CA1A43F008B0FC5</string>
				<string>918207F21CA054320085E81A</string>
				<string>9124A0D91CAAF43200E6D8D9</string>
				<string>918207CD1CA04F920085E81A</string>
				<string>9C2F76821CBBC1EC008D9262</string>
			</array>
			<key>isa</key>
			<string>PBXGroup</string>
			<key>name</key>
			<string>View</string>
			<key>sourceTree</key>
			<string>&lt;group&gt;</string>
		</dict>
		<key>9124A0DE1CAAF9B000E6D8D9</key>
		<dict>
			<key>children</key>
			<array>
				<string>C33E58E41CAC478000860EBF</string>
				<string>9124A0E31CAAFB1200E6D8D9</string>
				<string>91BC75751CA1A405008B0FC5</string>
				<string>9124A0E01CAAFA1200E6D8D9</string>
				<string>91BC75711CA1A199008B0FC5</string>
				<string>C33E58E31CAC46F300860EBF</string>
				<string>9124A0EA1CAB06E400E6D8D9</string>
				<string>C3385EE81CA4691900918E30</string>
				<string>C3385EE91CA4691900918E30</string>
				<string>9C2F76841CBBCC0C008D9262</string>
				<string>9C2F76851CBBCC0C008D9262</string>
			</array>
			<key>isa</key>
			<string>PBXGroup</string>
			<key>name</key>
			<string>Controller</string>
			<key>sourceTree</key>
			<string>&lt;group&gt;</string>
		</dict>
		<key>9124A0DF1CAAF9FF00E6D8D9</key>
		<dict>
			<key>children</key>
			<array>
				<string>91E14A441CB6E330009DCC09</string>
				<string>91E14A451CB6E330009DCC09</string>
				<string>C357CF731CB6DA1600AD4F93</string>
				<string>C357CF741CB6DA1600AD4F93</string>
				<string>91BC757F1CA1ADE5008B0FC5</string>
				<string>91BC75801CA1ADE5008B0FC5</string>
				<string>C33E58EA1CAC490A00860EBF</string>
				<string>C33E58EB1CAC490A00860EBF</string>
				<string>C33E58F51CAC5BE100860EBF</string>
				<string>C33E58F61CAC5BE100860EBF</string>
				<string>912636281CAD6FC000661C52</string>
				<string>912636291CAD6FC000661C52</string>
				<string>C30C38611CC524CA00603691</string>
				<string>C30C38621CC524CA00603691</string>
			</array>
			<key>isa</key>
			<string>PBXGroup</string>
			<key>name</key>
			<string>Cells</string>
			<key>sourceTree</key>
			<string>&lt;group&gt;</string>
		</dict>
		<key>9124A0E01CAAFA1200E6D8D9</key>
		<dict>
			<key>children</key>
			<array>
				<string>9124349A1CA17DA000F05F51</string>
				<string>9124349B1CA17DA000F05F51</string>
			</array>
			<key>isa</key>
			<string>PBXGroup</string>
			<key>name</key>
			<string>NewsFeedViewController</string>
			<key>sourceTree</key>
			<string>&lt;group&gt;</string>
		</dict>
		<key>9124A0E21CAAFAD300E6D8D9</key>
		<dict>
			<key>children</key>
			<array>
				<string>9CADA7041CC7A011008C1145</string>
				<string>915A386E1CC0166100ACC68B</string>
				<string>918207BF1CA04F920085E81A</string>
				<string>918207D01CA04F920085E81A</string>
				<string>918207CB1CA04F920085E81A</string>
			</array>
			<key>isa</key>
			<string>PBXGroup</string>
			<key>name</key>
			<string>Resources</string>
			<key>sourceTree</key>
			<string>&lt;group&gt;</string>
		</dict>
		<key>9124A0E31CAAFB1200E6D8D9</key>
		<dict>
			<key>children</key>
			<array>
				<string>91BC75791CA1A738008B0FC5</string>
				<string>91BC757A1CA1A738008B0FC5</string>
			</array>
			<key>isa</key>
			<string>PBXGroup</string>
			<key>name</key>
			<string>Side Bar Menu</string>
			<key>sourceTree</key>
			<string>&lt;group&gt;</string>
		</dict>
		<key>9124A0EA1CAB06E400E6D8D9</key>
		<dict>
			<key>children</key>
			<array>
				<string>91E14A4B1CB6E3C0009DCC09</string>
				<string>91E14A4C1CB6E3C0009DCC09</string>
				<string>91E14A4D1CB6E3C0009DCC09</string>
				<string>91E14A4E1CB6E3C0009DCC09</string>
				<string>9124A0EB1CAB073700E6D8D9</string>
				<string>9124A0EC1CAB073700E6D8D9</string>
			</array>
			<key>isa</key>
			<string>PBXGroup</string>
			<key>name</key>
			<string>CurrentTabViewController</string>
			<key>sourceTree</key>
			<string>&lt;group&gt;</string>
		</dict>
		<key>9124A0EB1CAB073700E6D8D9</key>
		<dict>
			<key>fileEncoding</key>
			<string>4</string>
			<key>isa</key>
			<string>PBXFileReference</string>
			<key>lastKnownFileType</key>
			<string>sourcecode.c.h</string>
			<key>path</key>
			<string>CurrentTabVC.h</string>
			<key>sourceTree</key>
			<string>&lt;group&gt;</string>
		</dict>
		<key>9124A0EC1CAB073700E6D8D9</key>
		<dict>
			<key>fileEncoding</key>
			<string>4</string>
			<key>isa</key>
			<string>PBXFileReference</string>
			<key>lastKnownFileType</key>
			<string>sourcecode.c.objc</string>
			<key>path</key>
			<string>CurrentTabVC.m</string>
			<key>sourceTree</key>
			<string>&lt;group&gt;</string>
		</dict>
		<key>9124A0ED1CAB073700E6D8D9</key>
		<dict>
			<key>fileRef</key>
			<string>9124A0EC1CAB073700E6D8D9</string>
			<key>isa</key>
			<string>PBXBuildFile</string>
		</dict>
		<key>9124A0EE1CAB076400E6D8D9</key>
		<dict>
			<key>fileEncoding</key>
			<string>4</string>
			<key>isa</key>
			<string>PBXFileReference</string>
			<key>lastKnownFileType</key>
			<string>file.storyboard</string>
			<key>path</key>
			<string>CurrentTab.storyboard</string>
			<key>sourceTree</key>
			<string>&lt;group&gt;</string>
		</dict>
		<key>9124A0EF1CAB076400E6D8D9</key>
		<dict>
			<key>fileRef</key>
			<string>9124A0EE1CAB076400E6D8D9</string>
			<key>isa</key>
			<string>PBXBuildFile</string>
		</dict>
		<key>912636221CAD68AF00661C52</key>
		<dict>
			<key>fileEncoding</key>
			<string>4</string>
			<key>isa</key>
			<string>PBXFileReference</string>
			<key>lastKnownFileType</key>
			<string>sourcecode.c.h</string>
			<key>path</key>
			<string>tab.h</string>
			<key>sourceTree</key>
			<string>&lt;group&gt;</string>
		</dict>
		<key>912636231CAD68AF00661C52</key>
		<dict>
			<key>fileEncoding</key>
			<string>4</string>
			<key>isa</key>
			<string>PBXFileReference</string>
			<key>lastKnownFileType</key>
			<string>sourcecode.c.objc</string>
			<key>path</key>
			<string>tab.m</string>
			<key>sourceTree</key>
			<string>&lt;group&gt;</string>
		</dict>
		<key>912636241CAD68AF00661C52</key>
		<dict>
			<key>fileRef</key>
			<string>912636231CAD68AF00661C52</string>
			<key>isa</key>
			<string>PBXBuildFile</string>
		</dict>
		<key>912636281CAD6FC000661C52</key>
		<dict>
			<key>fileEncoding</key>
			<string>4</string>
			<key>isa</key>
			<string>PBXFileReference</string>
			<key>lastKnownFileType</key>
			<string>sourcecode.c.h</string>
			<key>path</key>
			<string>tabCell.h</string>
			<key>sourceTree</key>
			<string>&lt;group&gt;</string>
		</dict>
		<key>912636291CAD6FC000661C52</key>
		<dict>
			<key>fileEncoding</key>
			<string>4</string>
			<key>isa</key>
			<string>PBXFileReference</string>
			<key>lastKnownFileType</key>
			<string>sourcecode.c.objc</string>
			<key>path</key>
			<string>tabCell.m</string>
			<key>sourceTree</key>
			<string>&lt;group&gt;</string>
		</dict>
		<key>9126362A1CAD6FC000661C52</key>
		<dict>
			<key>fileRef</key>
			<string>912636291CAD6FC000661C52</string>
			<key>isa</key>
			<string>PBXBuildFile</string>
		</dict>
		<key>912D589F1CC6A54D00ABEAA7</key>
		<dict>
			<key>children</key>
			<array>
				<string>C33E58F01CAC498600860EBF</string>
				<string>9124A0EE1CAB076400E6D8D9</string>
			</array>
			<key>isa</key>
			<string>PBXGroup</string>
			<key>name</key>
			<string>Storyboards</string>
			<key>sourceTree</key>
			<string>&lt;group&gt;</string>
		</dict>
		<key>915A386E1CC0166100ACC68B</key>
		<dict>
			<key>children</key>
			<array>
				<string>915A38711CC0167C00ACC68B</string>
				<string>915A38721CC0167C00ACC68B</string>
			</array>
			<key>isa</key>
			<string>PBXGroup</string>
			<key>name</key>
			<string>OrderedDictionary</string>
			<key>sourceTree</key>
			<string>&lt;group&gt;</string>
		</dict>
		<key>915A38711CC0167C00ACC68B</key>
		<dict>
			<key>fileEncoding</key>
			<string>4</string>
			<key>isa</key>
			<string>PBXFileReference</string>
			<key>lastKnownFileType</key>
			<string>sourcecode.c.h</string>
			<key>name</key>
			<string>OrderedDictionary.h</string>
			<key>path</key>
			<string>OrderedDictionary-master/OrderedDictionary/OrderedDictionary.h</string>
			<key>sourceTree</key>
			<string>&lt;group&gt;</string>
		</dict>
		<key>915A38721CC0167C00ACC68B</key>
		<dict>
			<key>fileEncoding</key>
			<string>4</string>
			<key>isa</key>
			<string>PBXFileReference</string>
			<key>lastKnownFileType</key>
			<string>sourcecode.c.objc</string>
			<key>name</key>
			<string>OrderedDictionary.m</string>
			<key>path</key>
			<string>OrderedDictionary-master/OrderedDictionary/OrderedDictionary.m</string>
			<key>sourceTree</key>
			<string>&lt;group&gt;</string>
		</dict>
		<key>915A38731CC0167C00ACC68B</key>
		<dict>
			<key>fileRef</key>
			<string>915A38721CC0167C00ACC68B</string>
			<key>isa</key>
			<string>PBXBuildFile</string>
		</dict>
		<key>918207B31CA04F920085E81A</key>
		<dict>
			<key>children</key>
			<array>
				<string>9C416ECB1CAB016800CACC79</string>
				<string>918207BE1CA04F920085E81A</string>
				<string>918207D81CA04F920085E81A</string>
				<string>918207E31CA04F920085E81A</string>
				<string>918207BD1CA04F920085E81A</string>
				<string>7BBE4691505C35541BDE6D2B</string>
				<string>96DAEF4CEA6F1312A549720E</string>
			</array>
			<key>isa</key>
			<string>PBXGroup</string>
			<key>sourceTree</key>
			<string>&lt;group&gt;</string>
		</dict>
		<key>918207B41CA04F920085E81A</key>
		<dict>
			<key>attributes</key>
			<dict>
				<key>LastUpgradeCheck</key>
				<string>0720</string>
				<key>ORGANIZATIONNAME</key>
				<string>Mihai Honceriu</string>
				<key>TargetAttributes</key>
				<dict>
					<key>918207BB1CA04F920085E81A</key>
					<dict>
						<key>CreatedOnToolsVersion</key>
						<string>7.2</string>
						<key>DevelopmentTeam</key>
						<string>B87P3KSU6D</string>
					</dict>
					<key>918207D41CA04F920085E81A</key>
					<dict>
						<key>CreatedOnToolsVersion</key>
						<string>7.2</string>
						<key>DevelopmentTeam</key>
						<string>339G5DV22M</string>
						<key>TestTargetID</key>
						<string>918207BB1CA04F920085E81A</string>
					</dict>
					<key>918207DF1CA04F920085E81A</key>
					<dict>
						<key>CreatedOnToolsVersion</key>
						<string>7.2</string>
						<key>DevelopmentTeam</key>
						<string>339G5DV22M</string>
						<key>TestTargetID</key>
						<string>918207BB1CA04F920085E81A</string>
					</dict>
				</dict>
			</dict>
			<key>buildConfigurationList</key>
			<string>918207B71CA04F920085E81A</string>
			<key>compatibilityVersion</key>
			<string>Xcode 3.2</string>
			<key>developmentRegion</key>
			<string>English</string>
			<key>hasScannedForEncodings</key>
			<string>0</string>
			<key>isa</key>
			<string>PBXProject</string>
			<key>knownRegions</key>
			<array>
				<string>en</string>
				<string>Base</string>
			</array>
			<key>mainGroup</key>
			<string>918207B31CA04F920085E81A</string>
			<key>productRefGroup</key>
			<string>918207BD1CA04F920085E81A</string>
			<key>projectDirPath</key>
			<string></string>
			<key>projectReferences</key>
			<array/>
			<key>projectRoot</key>
			<string></string>
			<key>targets</key>
			<array>
				<string>918207BB1CA04F920085E81A</string>
				<string>918207D41CA04F920085E81A</string>
				<string>918207DF1CA04F920085E81A</string>
			</array>
		</dict>
		<key>918207B71CA04F920085E81A</key>
		<dict>
			<key>buildConfigurations</key>
			<array>
				<string>918207E71CA04F920085E81A</string>
				<string>918207E81CA04F920085E81A</string>
			</array>
			<key>defaultConfigurationIsVisible</key>
			<string>0</string>
			<key>defaultConfigurationName</key>
			<string>Release</string>
			<key>isa</key>
			<string>XCConfigurationList</string>
		</dict>
		<key>918207B81CA04F920085E81A</key>
		<dict>
			<key>buildActionMask</key>
			<string>2147483647</string>
			<key>files</key>
			<array>
				<string>9C4F88321CC6ACA200ED2AAA</string>
				<string>91B2AFEE1CA68AC10059D26B</string>
				<string>91E14A461CB6E330009DCC09</string>
				<string>91BC75811CA1ADE5008B0FC5</string>
				<string>91BC75741CA1A1B2008B0FC5</string>
				<string>91BC757B1CA1A738008B0FC5</string>
				<string>C33E58F41CAC49AC00860EBF</string>
				<string>C30C38591CC5084F00603691</string>
				<string>918207F61CA05BF60085E81A</string>
				<string>9CADA7031CC7A00B008C1145</string>
				<string>918207C41CA04F920085E81A</string>
				<string>C3385EEA1CA4691900918E30</string>
				<string>C33E58ED1CAC490A00860EBF</string>
				<string>91E14A4F1CB6E3C0009DCC09</string>
				<string>C30C38641CC524CA00603691</string>
				<string>C357CF751CB6DA1600AD4F93</string>
				<string>91E2C1461CC009B000E057B6</string>
				<string>9C4F88351CC6AEDB00ED2AAA</string>
				<string>918207C11CA04F920085E81A</string>
				<string>9124349C1CA17DA000F05F51</string>
				<string>C33E58F81CAC5BE100860EBF</string>
				<string>9126362A1CAD6FC000661C52</string>
				<string>915A38731CC0167C00ACC68B</string>
				<string>912636241CAD68AF00661C52</string>
				<string>9124A0ED1CAB073700E6D8D9</string>
			</array>
			<key>isa</key>
			<string>PBXSourcesBuildPhase</string>
			<key>runOnlyForDeploymentPostprocessing</key>
			<string>0</string>
		</dict>
		<key>918207B91CA04F920085E81A</key>
		<dict>
			<key>buildActionMask</key>
			<string>2147483647</string>
			<key>files</key>
			<array>
				<string>9C2F76881CC6AB55008D9262</string>
				<string>D96091DF6E197B1E64FC3A4B</string>
			</array>
			<key>isa</key>
			<string>PBXFrameworksBuildPhase</string>
			<key>runOnlyForDeploymentPostprocessing</key>
			<string>0</string>
		</dict>
		<key>918207BA1CA04F920085E81A</key>
		<dict>
			<key>buildActionMask</key>
			<string>2147483647</string>
			<key>files</key>
			<array>
				<string>9C416ECC1CAB016800CACC79</string>
				<string>918207CF1CA04F920085E81A</string>
				<string>C33E58F11CAC498600860EBF</string>
				<string>918207F31CA054320085E81A</string>
				<string>9C416ECF1CAB023900CACC79</string>
				<string>91E14A4A1CB6E3A1009DCC09</string>
				<string>C30C385B1CC514A600603691</string>
				<string>9124A0DA1CAAF43200E6D8D9</string>
				<string>91B142531CA1D44600FD2375</string>
				<string>C33E58EE1CAC490A00860EBF</string>
				<string>C33E58F91CAC5BE100860EBF</string>
				<string>91E14A491CB6E3A1009DCC09</string>
				<string>918207CC1CA04F920085E81A</string>
				<string>91BC75781CA1A43F008B0FC5</string>
				<string>9C2F76831CBBC1EC008D9262</string>
				<string>91B142521CA1D44600FD2375</string>
				<string>918207CC1CA04F920085E81A</string>
				<string>91BC75781CA1A43F008B0FC5</string>
				<string>91B142521CA1D44600FD2375</string>
				<string>9124A0EF1CAB076400E6D8D9</string>
			</array>
			<key>isa</key>
			<string>PBXResourcesBuildPhase</string>
			<key>runOnlyForDeploymentPostprocessing</key>
			<string>0</string>
		</dict>
		<key>918207BB1CA04F920085E81A</key>
		<dict>
			<key>buildConfigurationList</key>
			<string>918207E91CA04F920085E81A</string>
			<key>buildPhases</key>
			<array>
				<string>496CF5B12A6AFFE2880FEE4C</string>
				<string>918207B81CA04F920085E81A</string>
				<string>918207B91CA04F920085E81A</string>
				<string>918207BA1CA04F920085E81A</string>
				<string>92C7435CC74C3CA2DCF3C1E5</string>
				<string>AD963D8E75F818DF22E47A92</string>
			</array>
			<key>buildRules</key>
			<array/>
			<key>dependencies</key>
			<array/>
			<key>isa</key>
			<string>PBXNativeTarget</string>
			<key>name</key>
			<string>IntegerBar</string>
			<key>productName</key>
			<string>IntegerBar</string>
			<key>productReference</key>
			<string>918207BC1CA04F920085E81A</string>
			<key>productType</key>
			<string>com.apple.product-type.application</string>
		</dict>
		<key>918207BC1CA04F920085E81A</key>
		<dict>
			<key>explicitFileType</key>
			<string>wrapper.application</string>
			<key>includeInIndex</key>
			<string>0</string>
			<key>isa</key>
			<string>PBXFileReference</string>
			<key>path</key>
			<string>IntegerBar.app</string>
			<key>sourceTree</key>
			<string>BUILT_PRODUCTS_DIR</string>
		</dict>
		<key>918207BD1CA04F920085E81A</key>
		<dict>
			<key>children</key>
			<array>
				<string>918207BC1CA04F920085E81A</string>
				<string>918207D51CA04F920085E81A</string>
				<string>918207E01CA04F920085E81A</string>
			</array>
			<key>isa</key>
			<string>PBXGroup</string>
			<key>name</key>
			<string>Products</string>
			<key>sourceTree</key>
			<string>&lt;group&gt;</string>
		</dict>
		<key>918207BE1CA04F920085E81A</key>
		<dict>
			<key>children</key>
			<array>
				<string>918207C21CA04F920085E81A</string>
				<string>918207C31CA04F920085E81A</string>
				<string>9124A0DE1CAAF9B000E6D8D9</string>
				<string>9124A0DD1CAAF9A700E6D8D9</string>
				<string>9124A0DC1CAAF9A200E6D8D9</string>
				<string>9124A0E21CAAFAD300E6D8D9</string>
			</array>
			<key>isa</key>
			<string>PBXGroup</string>
			<key>path</key>
			<string>IntegerBar</string>
			<key>sourceTree</key>
			<string>&lt;group&gt;</string>
		</dict>
		<key>918207BF1CA04F920085E81A</key>
		<dict>
			<key>children</key>
			<array>
				<string>91B142501CA1D44600FD2375</string>
				<string>91B142511CA1D44600FD2375</string>
				<string>918207C01CA04F920085E81A</string>
			</array>
			<key>isa</key>
			<string>PBXGroup</string>
			<key>name</key>
			<string>Supporting Files</string>
			<key>sourceTree</key>
			<string>&lt;group&gt;</string>
		</dict>
		<key>918207C01CA04F920085E81A</key>
		<dict>
			<key>isa</key>
			<string>PBXFileReference</string>
			<key>lastKnownFileType</key>
			<string>sourcecode.c.objc</string>
			<key>path</key>
			<string>main.m</string>
			<key>sourceTree</key>
			<string>&lt;group&gt;</string>
		</dict>
		<key>918207C11CA04F920085E81A</key>
		<dict>
			<key>fileRef</key>
			<string>918207C01CA04F920085E81A</string>
			<key>isa</key>
			<string>PBXBuildFile</string>
		</dict>
		<key>918207C21CA04F920085E81A</key>
		<dict>
			<key>isa</key>
			<string>PBXFileReference</string>
			<key>lastKnownFileType</key>
			<string>sourcecode.c.h</string>
			<key>path</key>
			<string>AppDelegate.h</string>
			<key>sourceTree</key>
			<string>&lt;group&gt;</string>
		</dict>
		<key>918207C31CA04F920085E81A</key>
		<dict>
			<key>isa</key>
			<string>PBXFileReference</string>
			<key>lastKnownFileType</key>
			<string>sourcecode.c.objc</string>
			<key>path</key>
			<string>AppDelegate.m</string>
			<key>sourceTree</key>
			<string>&lt;group&gt;</string>
		</dict>
		<key>918207C41CA04F920085E81A</key>
		<dict>
			<key>fileRef</key>
			<string>918207C31CA04F920085E81A</string>
			<key>isa</key>
			<string>PBXBuildFile</string>
		</dict>
		<key>918207CB1CA04F920085E81A</key>
		<dict>
			<key>isa</key>
			<string>PBXFileReference</string>
			<key>lastKnownFileType</key>
			<string>folder.assetcatalog</string>
			<key>path</key>
			<string>Assets.xcassets</string>
			<key>sourceTree</key>
			<string>&lt;group&gt;</string>
		</dict>
		<key>918207CC1CA04F920085E81A</key>
		<dict>
			<key>fileRef</key>
			<string>918207CB1CA04F920085E81A</string>
			<key>isa</key>
			<string>PBXBuildFile</string>
		</dict>
		<key>918207CD1CA04F920085E81A</key>
		<dict>
			<key>children</key>
			<array>
				<string>918207CE1CA04F920085E81A</string>
			</array>
			<key>isa</key>
			<string>PBXVariantGroup</string>
			<key>name</key>
			<string>LaunchScreen.storyboard</string>
			<key>sourceTree</key>
			<string>&lt;group&gt;</string>
		</dict>
		<key>918207CE1CA04F920085E81A</key>
		<dict>
			<key>isa</key>
			<string>PBXFileReference</string>
			<key>lastKnownFileType</key>
			<string>file.storyboard</string>
			<key>name</key>
			<string>Base</string>
			<key>path</key>
			<string>Base.lproj/LaunchScreen.storyboard</string>
			<key>sourceTree</key>
			<string>&lt;group&gt;</string>
		</dict>
		<key>918207CF1CA04F920085E81A</key>
		<dict>
			<key>fileRef</key>
			<string>918207CD1CA04F920085E81A</string>
			<key>isa</key>
			<string>PBXBuildFile</string>
		</dict>
		<key>918207D01CA04F920085E81A</key>
		<dict>
			<key>isa</key>
			<string>PBXFileReference</string>
			<key>lastKnownFileType</key>
			<string>text.plist.xml</string>
			<key>path</key>
			<string>Info.plist</string>
			<key>sourceTree</key>
			<string>&lt;group&gt;</string>
		</dict>
		<key>918207D11CA04F920085E81A</key>
		<dict>
			<key>buildActionMask</key>
			<string>2147483647</string>
			<key>files</key>
			<array>
				<string>9C416ECA1CAB001A00CACC79</string>
				<string>918207DA1CA04F920085E81A</string>
			</array>
			<key>isa</key>
			<string>PBXSourcesBuildPhase</string>
			<key>runOnlyForDeploymentPostprocessing</key>
			<string>0</string>
		</dict>
		<key>918207D21CA04F920085E81A</key>
		<dict>
			<key>buildActionMask</key>
			<string>2147483647</string>
			<key>files</key>
			<array>
				<string>D8375B0C22881107DC1765D8</string>
			</array>
			<key>isa</key>
			<string>PBXFrameworksBuildPhase</string>
			<key>runOnlyForDeploymentPostprocessing</key>
			<string>0</string>
		</dict>
		<key>918207D31CA04F920085E81A</key>
		<dict>
			<key>buildActionMask</key>
			<string>2147483647</string>
			<key>files</key>
			<array/>
			<key>isa</key>
			<string>PBXResourcesBuildPhase</string>
			<key>runOnlyForDeploymentPostprocessing</key>
			<string>0</string>
		</dict>
		<key>918207D41CA04F920085E81A</key>
		<dict>
			<key>buildConfigurationList</key>
			<string>918207EC1CA04F920085E81A</string>
			<key>buildPhases</key>
			<array>
				<string>2E20201B8535EEDE2B952989</string>
				<string>918207D11CA04F920085E81A</string>
				<string>918207D21CA04F920085E81A</string>
				<string>918207D31CA04F920085E81A</string>
				<string>DE86CEFB2996F4F17392388A</string>
				<string>A0D847B54CC744695235A567</string>
			</array>
			<key>buildRules</key>
			<array/>
			<key>dependencies</key>
			<array>
				<string>918207D71CA04F920085E81A</string>
			</array>
			<key>isa</key>
			<string>PBXNativeTarget</string>
			<key>name</key>
			<string>IntegerBarTests</string>
			<key>productName</key>
			<string>IntegerBarTests</string>
			<key>productReference</key>
			<string>918207D51CA04F920085E81A</string>
			<key>productType</key>
			<string>com.apple.product-type.bundle.unit-test</string>
		</dict>
		<key>918207D51CA04F920085E81A</key>
		<dict>
			<key>explicitFileType</key>
			<string>wrapper.cfbundle</string>
			<key>includeInIndex</key>
			<string>0</string>
			<key>isa</key>
			<string>PBXFileReference</string>
			<key>path</key>
			<string>IntegerBarTests.xctest</string>
			<key>sourceTree</key>
			<string>BUILT_PRODUCTS_DIR</string>
		</dict>
		<key>918207D61CA04F920085E81A</key>
		<dict>
			<key>containerPortal</key>
			<string>918207B41CA04F920085E81A</string>
			<key>isa</key>
			<string>PBXContainerItemProxy</string>
			<key>proxyType</key>
			<string>1</string>
			<key>remoteGlobalIDString</key>
			<string>918207BB1CA04F920085E81A</string>
			<key>remoteInfo</key>
			<string>IntegerBar</string>
		</dict>
		<key>918207D71CA04F920085E81A</key>
		<dict>
			<key>isa</key>
			<string>PBXTargetDependency</string>
			<key>target</key>
			<string>918207BB1CA04F920085E81A</string>
			<key>targetProxy</key>
			<string>918207D61CA04F920085E81A</string>
		</dict>
		<key>918207D81CA04F920085E81A</key>
		<dict>
			<key>children</key>
			<array>
				<string>9C416EC91CAB001A00CACC79</string>
				<string>918207D91CA04F920085E81A</string>
				<string>918207DB1CA04F920085E81A</string>
			</array>
			<key>isa</key>
			<string>PBXGroup</string>
			<key>path</key>
			<string>IntegerBarTests</string>
			<key>sourceTree</key>
			<string>&lt;group&gt;</string>
		</dict>
		<key>918207D91CA04F920085E81A</key>
		<dict>
			<key>isa</key>
			<string>PBXFileReference</string>
			<key>lastKnownFileType</key>
			<string>sourcecode.c.objc</string>
			<key>path</key>
			<string>IntegerBarTests.m</string>
			<key>sourceTree</key>
			<string>&lt;group&gt;</string>
		</dict>
		<key>918207DA1CA04F920085E81A</key>
		<dict>
			<key>fileRef</key>
			<string>918207D91CA04F920085E81A</string>
			<key>isa</key>
			<string>PBXBuildFile</string>
		</dict>
		<key>918207DB1CA04F920085E81A</key>
		<dict>
			<key>isa</key>
			<string>PBXFileReference</string>
			<key>lastKnownFileType</key>
			<string>text.plist.xml</string>
			<key>path</key>
			<string>Info.plist</string>
			<key>sourceTree</key>
			<string>&lt;group&gt;</string>
		</dict>
		<key>918207DC1CA04F920085E81A</key>
		<dict>
			<key>buildActionMask</key>
			<string>2147483647</string>
			<key>files</key>
			<array>
				<string>918207E51CA04F920085E81A</string>
			</array>
			<key>isa</key>
			<string>PBXSourcesBuildPhase</string>
			<key>runOnlyForDeploymentPostprocessing</key>
			<string>0</string>
		</dict>
		<key>918207DD1CA04F920085E81A</key>
		<dict>
			<key>buildActionMask</key>
			<string>2147483647</string>
			<key>files</key>
			<array/>
			<key>isa</key>
			<string>PBXFrameworksBuildPhase</string>
			<key>runOnlyForDeploymentPostprocessing</key>
			<string>0</string>
		</dict>
		<key>918207DE1CA04F920085E81A</key>
		<dict>
			<key>buildActionMask</key>
			<string>2147483647</string>
			<key>files</key>
			<array/>
			<key>isa</key>
			<string>PBXResourcesBuildPhase</string>
			<key>runOnlyForDeploymentPostprocessing</key>
			<string>0</string>
		</dict>
		<key>918207DF1CA04F920085E81A</key>
		<dict>
			<key>buildConfigurationList</key>
			<string>918207EF1CA04F920085E81A</string>
			<key>buildPhases</key>
			<array>
				<string>918207DC1CA04F920085E81A</string>
				<string>918207DD1CA04F920085E81A</string>
				<string>918207DE1CA04F920085E81A</string>
			</array>
			<key>buildRules</key>
			<array/>
			<key>dependencies</key>
			<array>
				<string>918207E21CA04F920085E81A</string>
			</array>
			<key>isa</key>
			<string>PBXNativeTarget</string>
			<key>name</key>
			<string>IntegerBarUITests</string>
			<key>productName</key>
			<string>IntegerBarUITests</string>
			<key>productReference</key>
			<string>918207E01CA04F920085E81A</string>
			<key>productType</key>
			<string>com.apple.product-type.bundle.ui-testing</string>
		</dict>
		<key>918207E01CA04F920085E81A</key>
		<dict>
			<key>explicitFileType</key>
			<string>wrapper.cfbundle</string>
			<key>includeInIndex</key>
			<string>0</string>
			<key>isa</key>
			<string>PBXFileReference</string>
			<key>path</key>
			<string>IntegerBarUITests.xctest</string>
			<key>sourceTree</key>
			<string>BUILT_PRODUCTS_DIR</string>
		</dict>
		<key>918207E11CA04F920085E81A</key>
		<dict>
			<key>containerPortal</key>
			<string>918207B41CA04F920085E81A</string>
			<key>isa</key>
			<string>PBXContainerItemProxy</string>
			<key>proxyType</key>
			<string>1</string>
			<key>remoteGlobalIDString</key>
			<string>918207BB1CA04F920085E81A</string>
			<key>remoteInfo</key>
			<string>IntegerBar</string>
		</dict>
		<key>918207E21CA04F920085E81A</key>
		<dict>
			<key>isa</key>
			<string>PBXTargetDependency</string>
			<key>target</key>
			<string>918207BB1CA04F920085E81A</string>
			<key>targetProxy</key>
			<string>918207E11CA04F920085E81A</string>
		</dict>
		<key>918207E31CA04F920085E81A</key>
		<dict>
			<key>children</key>
			<array>
				<string>918207E41CA04F920085E81A</string>
				<string>918207E61CA04F920085E81A</string>
			</array>
			<key>isa</key>
			<string>PBXGroup</string>
			<key>path</key>
			<string>IntegerBarUITests</string>
			<key>sourceTree</key>
			<string>&lt;group&gt;</string>
		</dict>
		<key>918207E41CA04F920085E81A</key>
		<dict>
			<key>isa</key>
			<string>PBXFileReference</string>
			<key>lastKnownFileType</key>
			<string>sourcecode.c.objc</string>
			<key>path</key>
			<string>IntegerBarUITests.m</string>
			<key>sourceTree</key>
			<string>&lt;group&gt;</string>
		</dict>
		<key>918207E51CA04F920085E81A</key>
		<dict>
			<key>fileRef</key>
			<string>918207E41CA04F920085E81A</string>
			<key>isa</key>
			<string>PBXBuildFile</string>
		</dict>
		<key>918207E61CA04F920085E81A</key>
		<dict>
			<key>isa</key>
			<string>PBXFileReference</string>
			<key>lastKnownFileType</key>
			<string>text.plist.xml</string>
			<key>path</key>
			<string>Info.plist</string>
			<key>sourceTree</key>
			<string>&lt;group&gt;</string>
		</dict>
		<key>918207E71CA04F920085E81A</key>
		<dict>
			<key>buildSettings</key>
			<dict>
				<key>ALWAYS_SEARCH_USER_PATHS</key>
				<string>NO</string>
				<key>CLANG_CXX_LANGUAGE_STANDARD</key>
				<string>gnu++0x</string>
				<key>CLANG_CXX_LIBRARY</key>
				<string>libc++</string>
				<key>CLANG_ENABLE_MODULES</key>
				<string>YES</string>
				<key>CLANG_ENABLE_OBJC_ARC</key>
				<string>YES</string>
				<key>CLANG_WARN_BOOL_CONVERSION</key>
				<string>YES</string>
				<key>CLANG_WARN_CONSTANT_CONVERSION</key>
				<string>YES</string>
				<key>CLANG_WARN_DIRECT_OBJC_ISA_USAGE</key>
				<string>YES_ERROR</string>
				<key>CLANG_WARN_EMPTY_BODY</key>
				<string>YES</string>
				<key>CLANG_WARN_ENUM_CONVERSION</key>
				<string>YES</string>
				<key>CLANG_WARN_INT_CONVERSION</key>
				<string>YES</string>
				<key>CLANG_WARN_OBJC_ROOT_CLASS</key>
				<string>YES_ERROR</string>
				<key>CLANG_WARN_UNREACHABLE_CODE</key>
				<string>YES</string>
				<key>CLANG_WARN__DUPLICATE_METHOD_MATCH</key>
				<string>YES</string>
				<key>CODE_SIGN_IDENTITY[sdk=iphoneos*]</key>
				<string>iPhone Developer</string>
				<key>COPY_PHASE_STRIP</key>
				<string>NO</string>
				<key>DEBUG_INFORMATION_FORMAT</key>
				<string>dwarf</string>
				<key>ENABLE_STRICT_OBJC_MSGSEND</key>
				<string>YES</string>
				<key>ENABLE_TESTABILITY</key>
				<string>YES</string>
				<key>GCC_C_LANGUAGE_STANDARD</key>
				<string>gnu99</string>
				<key>GCC_DYNAMIC_NO_PIC</key>
				<string>NO</string>
				<key>GCC_NO_COMMON_BLOCKS</key>
				<string>YES</string>
				<key>GCC_OPTIMIZATION_LEVEL</key>
				<string>0</string>
				<key>GCC_PREPROCESSOR_DEFINITIONS</key>
				<array>
					<string>DEBUG=1</string>
					<string>$(inherited)</string>
				</array>
				<key>GCC_WARN_64_TO_32_BIT_CONVERSION</key>
				<string>YES</string>
				<key>GCC_WARN_ABOUT_RETURN_TYPE</key>
				<string>YES_ERROR</string>
				<key>GCC_WARN_UNDECLARED_SELECTOR</key>
				<string>YES</string>
				<key>GCC_WARN_UNINITIALIZED_AUTOS</key>
				<string>YES_AGGRESSIVE</string>
				<key>GCC_WARN_UNUSED_FUNCTION</key>
				<string>YES</string>
				<key>GCC_WARN_UNUSED_VARIABLE</key>
				<string>YES</string>
				<key>IPHONEOS_DEPLOYMENT_TARGET</key>
				<string>9.2</string>
				<key>MTL_ENABLE_DEBUG_INFO</key>
				<string>YES</string>
				<key>ONLY_ACTIVE_ARCH</key>
				<string>YES</string>
				<key>SDKROOT</key>
				<string>iphoneos</string>
				<key>TARGETED_DEVICE_FAMILY</key>
				<string>1,2</string>
			</dict>
			<key>isa</key>
			<string>XCBuildConfiguration</string>
			<key>name</key>
			<string>Debug</string>
		</dict>
		<key>918207E81CA04F920085E81A</key>
		<dict>
			<key>buildSettings</key>
			<dict>
				<key>ALWAYS_SEARCH_USER_PATHS</key>
				<string>NO</string>
				<key>CLANG_CXX_LANGUAGE_STANDARD</key>
				<string>gnu++0x</string>
				<key>CLANG_CXX_LIBRARY</key>
				<string>libc++</string>
				<key>CLANG_ENABLE_MODULES</key>
				<string>YES</string>
				<key>CLANG_ENABLE_OBJC_ARC</key>
				<string>YES</string>
				<key>CLANG_WARN_BOOL_CONVERSION</key>
				<string>YES</string>
				<key>CLANG_WARN_CONSTANT_CONVERSION</key>
				<string>YES</string>
				<key>CLANG_WARN_DIRECT_OBJC_ISA_USAGE</key>
				<string>YES_ERROR</string>
				<key>CLANG_WARN_EMPTY_BODY</key>
				<string>YES</string>
				<key>CLANG_WARN_ENUM_CONVERSION</key>
				<string>YES</string>
				<key>CLANG_WARN_INT_CONVERSION</key>
				<string>YES</string>
				<key>CLANG_WARN_OBJC_ROOT_CLASS</key>
				<string>YES_ERROR</string>
				<key>CLANG_WARN_UNREACHABLE_CODE</key>
				<string>YES</string>
				<key>CLANG_WARN__DUPLICATE_METHOD_MATCH</key>
				<string>YES</string>
				<key>CODE_SIGN_IDENTITY[sdk=iphoneos*]</key>
				<string>iPhone Developer</string>
				<key>COPY_PHASE_STRIP</key>
				<string>NO</string>
				<key>DEBUG_INFORMATION_FORMAT</key>
				<string>dwarf-with-dsym</string>
				<key>ENABLE_NS_ASSERTIONS</key>
				<string>NO</string>
				<key>ENABLE_STRICT_OBJC_MSGSEND</key>
				<string>YES</string>
				<key>GCC_C_LANGUAGE_STANDARD</key>
				<string>gnu99</string>
				<key>GCC_NO_COMMON_BLOCKS</key>
				<string>YES</string>
				<key>GCC_WARN_64_TO_32_BIT_CONVERSION</key>
				<string>YES</string>
				<key>GCC_WARN_ABOUT_RETURN_TYPE</key>
				<string>YES_ERROR</string>
				<key>GCC_WARN_UNDECLARED_SELECTOR</key>
				<string>YES</string>
				<key>GCC_WARN_UNINITIALIZED_AUTOS</key>
				<string>YES_AGGRESSIVE</string>
				<key>GCC_WARN_UNUSED_FUNCTION</key>
				<string>YES</string>
				<key>GCC_WARN_UNUSED_VARIABLE</key>
				<string>YES</string>
				<key>IPHONEOS_DEPLOYMENT_TARGET</key>
				<string>9.2</string>
				<key>MTL_ENABLE_DEBUG_INFO</key>
				<string>NO</string>
				<key>SDKROOT</key>
				<string>iphoneos</string>
				<key>TARGETED_DEVICE_FAMILY</key>
				<string>1,2</string>
				<key>VALIDATE_PRODUCT</key>
				<string>YES</string>
			</dict>
			<key>isa</key>
			<string>XCBuildConfiguration</string>
			<key>name</key>
			<string>Release</string>
		</dict>
		<key>918207E91CA04F920085E81A</key>
		<dict>
			<key>buildConfigurations</key>
			<array>
				<string>918207EA1CA04F920085E81A</string>
				<string>918207EB1CA04F920085E81A</string>
			</array>
			<key>defaultConfigurationIsVisible</key>
			<string>0</string>
			<key>defaultConfigurationName</key>
			<string>Release</string>
			<key>isa</key>
			<string>XCConfigurationList</string>
		</dict>
		<key>918207EA1CA04F920085E81A</key>
		<dict>
			<key>baseConfigurationReference</key>
			<string>9BE5EB8BBA0F2B20E9A71AD2</string>
			<key>buildSettings</key>
			<dict>
				<key>ASSETCATALOG_COMPILER_APPICON_NAME</key>
				<string>AppIcon</string>
				<key>CODE_SIGN_IDENTITY</key>
				<string>iPhone Developer</string>
				<key>CODE_SIGN_IDENTITY[sdk=iphoneos*]</key>
				<string>iPhone Developer</string>
				<key>INFOPLIST_FILE</key>
				<string>IntegerBar/Info.plist</string>
				<key>LD_RUNPATH_SEARCH_PATHS</key>
				<string>$(inherited) @executable_path/Frameworks</string>
				<key>LIBRARY_SEARCH_PATHS</key>
				<array>
					<string>$(inherited)</string>
					<string>$(PROJECT_DIR)/build/Debug-iphoneos</string>
				</array>
				<key>PRODUCT_BUNDLE_IDENTIFIER</key>
				<string>miahi.IntegerBar</string>
				<key>PRODUCT_NAME</key>
				<string>$(TARGET_NAME)</string>
				<key>PROVISIONING_PROFILE</key>
				<string></string>
			</dict>
			<key>isa</key>
			<string>XCBuildConfiguration</string>
			<key>name</key>
			<string>Debug</string>
		</dict>
		<key>918207EB1CA04F920085E81A</key>
		<dict>
			<key>baseConfigurationReference</key>
			<string>8E82AC381E918E06AA614767</string>
			<key>buildSettings</key>
			<dict>
				<key>ASSETCATALOG_COMPILER_APPICON_NAME</key>
				<string>AppIcon</string>
				<key>CODE_SIGN_IDENTITY</key>
				<string>iPhone Developer</string>
				<key>CODE_SIGN_IDENTITY[sdk=iphoneos*]</key>
				<string>iPhone Developer</string>
				<key>INFOPLIST_FILE</key>
				<string>IntegerBar/Info.plist</string>
				<key>LD_RUNPATH_SEARCH_PATHS</key>
				<string>$(inherited) @executable_path/Frameworks</string>
				<key>LIBRARY_SEARCH_PATHS</key>
				<array>
					<string>$(inherited)</string>
					<string>$(PROJECT_DIR)/build/Debug-iphoneos</string>
				</array>
				<key>PRODUCT_BUNDLE_IDENTIFIER</key>
				<string>miahi.IntegerBar</string>
				<key>PRODUCT_NAME</key>
				<string>$(TARGET_NAME)</string>
				<key>PROVISIONING_PROFILE</key>
				<string></string>
			</dict>
			<key>isa</key>
			<string>XCBuildConfiguration</string>
			<key>name</key>
			<string>Release</string>
		</dict>
		<key>918207EC1CA04F920085E81A</key>
		<dict>
			<key>buildConfigurations</key>
			<array>
				<string>918207ED1CA04F920085E81A</string>
				<string>918207EE1CA04F920085E81A</string>
			</array>
			<key>defaultConfigurationIsVisible</key>
			<string>0</string>
			<key>defaultConfigurationName</key>
			<string>Release</string>
			<key>isa</key>
			<string>XCConfigurationList</string>
		</dict>
		<key>918207ED1CA04F920085E81A</key>
		<dict>
			<key>baseConfigurationReference</key>
			<string>20F13024EA99BDEA5ACB61A0</string>
			<key>buildSettings</key>
			<dict>
				<key>BUNDLE_LOADER</key>
				<string>$(TEST_HOST)</string>
				<key>INFOPLIST_FILE</key>
				<string>IntegerBarTests/Info.plist</string>
				<key>LD_RUNPATH_SEARCH_PATHS</key>
				<string>$(inherited) @executable_path/Frameworks @loader_path/Frameworks</string>
				<key>PRODUCT_BUNDLE_IDENTIFIER</key>
				<string>miahi.IntegerBarTests</string>
				<key>PRODUCT_NAME</key>
				<string>$(TARGET_NAME)</string>
				<key>TEST_HOST</key>
				<string>$(BUILT_PRODUCTS_DIR)/IntegerBar.app/IntegerBar</string>
			</dict>
			<key>isa</key>
			<string>XCBuildConfiguration</string>
			<key>name</key>
			<string>Debug</string>
		</dict>
		<key>918207EE1CA04F920085E81A</key>
		<dict>
			<key>baseConfigurationReference</key>
			<string>7E62CD1B4EA6EAF4F81EA255</string>
			<key>buildSettings</key>
			<dict>
				<key>BUNDLE_LOADER</key>
				<string>$(TEST_HOST)</string>
				<key>INFOPLIST_FILE</key>
				<string>IntegerBarTests/Info.plist</string>
				<key>LD_RUNPATH_SEARCH_PATHS</key>
				<string>$(inherited) @executable_path/Frameworks @loader_path/Frameworks</string>
				<key>PRODUCT_BUNDLE_IDENTIFIER</key>
				<string>miahi.IntegerBarTests</string>
				<key>PRODUCT_NAME</key>
				<string>$(TARGET_NAME)</string>
				<key>TEST_HOST</key>
				<string>$(BUILT_PRODUCTS_DIR)/IntegerBar.app/IntegerBar</string>
			</dict>
			<key>isa</key>
			<string>XCBuildConfiguration</string>
			<key>name</key>
			<string>Release</string>
		</dict>
		<key>918207EF1CA04F920085E81A</key>
		<dict>
			<key>buildConfigurations</key>
			<array>
				<string>918207F01CA04F920085E81A</string>
				<string>918207F11CA04F920085E81A</string>
			</array>
			<key>defaultConfigurationIsVisible</key>
			<string>0</string>
			<key>defaultConfigurationName</key>
			<string>Release</string>
			<key>isa</key>
			<string>XCConfigurationList</string>
		</dict>
		<key>918207F01CA04F920085E81A</key>
		<dict>
			<key>buildSettings</key>
			<dict>
				<key>INFOPLIST_FILE</key>
				<string>IntegerBarUITests/Info.plist</string>
				<key>LD_RUNPATH_SEARCH_PATHS</key>
				<string>$(inherited) @executable_path/Frameworks @loader_path/Frameworks</string>
				<key>PRODUCT_BUNDLE_IDENTIFIER</key>
				<string>miahi.IntegerBarUITests</string>
				<key>PRODUCT_NAME</key>
				<string>$(TARGET_NAME)</string>
				<key>TEST_TARGET_NAME</key>
				<string>IntegerBar</string>
				<key>USES_XCTRUNNER</key>
				<string>YES</string>
			</dict>
			<key>isa</key>
			<string>XCBuildConfiguration</string>
			<key>name</key>
			<string>Debug</string>
		</dict>
		<key>918207F11CA04F920085E81A</key>
		<dict>
			<key>buildSettings</key>
			<dict>
				<key>INFOPLIST_FILE</key>
				<string>IntegerBarUITests/Info.plist</string>
				<key>LD_RUNPATH_SEARCH_PATHS</key>
				<string>$(inherited) @executable_path/Frameworks @loader_path/Frameworks</string>
				<key>PRODUCT_BUNDLE_IDENTIFIER</key>
				<string>miahi.IntegerBarUITests</string>
				<key>PRODUCT_NAME</key>
				<string>$(TARGET_NAME)</string>
				<key>TEST_TARGET_NAME</key>
				<string>IntegerBar</string>
				<key>USES_XCTRUNNER</key>
				<string>YES</string>
			</dict>
			<key>isa</key>
			<string>XCBuildConfiguration</string>
			<key>name</key>
			<string>Release</string>
		</dict>
		<key>918207F21CA054320085E81A</key>
		<dict>
			<key>fileEncoding</key>
			<string>4</string>
			<key>isa</key>
			<string>PBXFileReference</string>
			<key>lastKnownFileType</key>
			<string>file.storyboard</string>
			<key>path</key>
			<string>TabBarMenu.storyboard</string>
			<key>sourceTree</key>
			<string>&lt;group&gt;</string>
		</dict>
		<key>918207F31CA054320085E81A</key>
		<dict>
			<key>fileRef</key>
			<string>918207F21CA054320085E81A</string>
			<key>isa</key>
			<string>PBXBuildFile</string>
		</dict>
		<key>918207F41CA05BF60085E81A</key>
		<dict>
			<key>fileEncoding</key>
			<string>4</string>
			<key>isa</key>
			<string>PBXFileReference</string>
			<key>lastKnownFileType</key>
			<string>sourcecode.c.h</string>
			<key>path</key>
			<string>TabBarController.h</string>
			<key>sourceTree</key>
			<string>&lt;group&gt;</string>
		</dict>
		<key>918207F51CA05BF60085E81A</key>
		<dict>
			<key>fileEncoding</key>
			<string>4</string>
			<key>isa</key>
			<string>PBXFileReference</string>
			<key>lastKnownFileType</key>
			<string>sourcecode.c.objc</string>
			<key>path</key>
			<string>TabBarController.m</string>
			<key>sourceTree</key>
			<string>&lt;group&gt;</string>
		</dict>
		<key>918207F61CA05BF60085E81A</key>
		<dict>
			<key>fileRef</key>
			<string>918207F51CA05BF60085E81A</string>
			<key>isa</key>
			<string>PBXBuildFile</string>
		</dict>
		<key>91B142501CA1D44600FD2375</key>
		<dict>
			<key>isa</key>
			<string>PBXFileReference</string>
			<key>lastKnownFileType</key>
			<string>image.png</string>
			<key>path</key>
			<string>reveal-icon.png</string>
			<key>sourceTree</key>
			<string>&lt;group&gt;</string>
		</dict>
		<key>91B142511CA1D44600FD2375</key>
		<dict>
			<key>isa</key>
			<string>PBXFileReference</string>
			<key>lastKnownFileType</key>
			<string>image.png</string>
			<key>path</key>
			<string>reveal-icon@2x.png</string>
			<key>sourceTree</key>
			<string>&lt;group&gt;</string>
		</dict>
		<key>91B142521CA1D44600FD2375</key>
		<dict>
			<key>fileRef</key>
			<string>91B142501CA1D44600FD2375</string>
			<key>isa</key>
			<string>PBXBuildFile</string>
		</dict>
		<key>91B142531CA1D44600FD2375</key>
		<dict>
			<key>fileRef</key>
			<string>91B142511CA1D44600FD2375</string>
			<key>isa</key>
			<string>PBXBuildFile</string>
		</dict>
		<key>91B2AFEC1CA68AC10059D26B</key>
		<dict>
			<key>fileEncoding</key>
			<string>4</string>
			<key>isa</key>
			<string>PBXFileReference</string>
			<key>lastKnownFileType</key>
			<string>sourcecode.c.h</string>
			<key>path</key>
			<string>product.h</string>
			<key>sourceTree</key>
			<string>&lt;group&gt;</string>
		</dict>
		<key>91B2AFED1CA68AC10059D26B</key>
		<dict>
			<key>fileEncoding</key>
			<string>4</string>
			<key>isa</key>
			<string>PBXFileReference</string>
			<key>lastKnownFileType</key>
			<string>sourcecode.c.objc</string>
			<key>path</key>
			<string>product.m</string>
			<key>sourceTree</key>
			<string>&lt;group&gt;</string>
		</dict>
		<key>91B2AFEE1CA68AC10059D26B</key>
		<dict>
			<key>fileRef</key>
			<string>91B2AFED1CA68AC10059D26B</string>
			<key>isa</key>
			<string>PBXBuildFile</string>
		</dict>
		<key>91BC75711CA1A199008B0FC5</key>
		<dict>
			<key>children</key>
			<array>
				<string>91BC75721CA1A1B2008B0FC5</string>
				<string>91BC75731CA1A1B2008B0FC5</string>
			</array>
			<key>isa</key>
			<string>PBXGroup</string>
			<key>name</key>
			<string>SWRevealViewController</string>
			<key>path</key>
			<string>..</string>
			<key>sourceTree</key>
			<string>&lt;group&gt;</string>
		</dict>
		<key>91BC75721CA1A1B2008B0FC5</key>
		<dict>
			<key>fileEncoding</key>
			<string>4</string>
			<key>isa</key>
			<string>PBXFileReference</string>
			<key>lastKnownFileType</key>
			<string>sourcecode.c.h</string>
			<key>path</key>
			<string>SWRevealViewController.h</string>
			<key>sourceTree</key>
			<string>&lt;group&gt;</string>
		</dict>
		<key>91BC75731CA1A1B2008B0FC5</key>
		<dict>
			<key>fileEncoding</key>
			<string>4</string>
			<key>isa</key>
			<string>PBXFileReference</string>
			<key>lastKnownFileType</key>
			<string>sourcecode.c.objc</string>
			<key>path</key>
			<string>SWRevealViewController.m</string>
			<key>sourceTree</key>
			<string>&lt;group&gt;</string>
		</dict>
		<key>91BC75741CA1A1B2008B0FC5</key>
		<dict>
			<key>fileRef</key>
			<string>91BC75731CA1A1B2008B0FC5</string>
			<key>isa</key>
			<string>PBXBuildFile</string>
		</dict>
		<key>91BC75751CA1A405008B0FC5</key>
		<dict>
			<key>children</key>
			<array>
				<string>918207F41CA05BF60085E81A</string>
				<string>918207F51CA05BF60085E81A</string>
			</array>
			<key>isa</key>
			<string>PBXGroup</string>
			<key>name</key>
			<string>Tab Bar Menu</string>
			<key>sourceTree</key>
			<string>&lt;group&gt;</string>
		</dict>
		<key>91BC75771CA1A43F008B0FC5</key>
		<dict>
			<key>fileEncoding</key>
			<string>4</string>
			<key>isa</key>
			<string>PBXFileReference</string>
			<key>lastKnownFileType</key>
			<string>file.storyboard</string>
			<key>path</key>
			<string>SideBarMenu.storyboard</string>
			<key>sourceTree</key>
			<string>&lt;group&gt;</string>
		</dict>
		<key>91BC75781CA1A43F008B0FC5</key>
		<dict>
			<key>fileRef</key>
			<string>91BC75771CA1A43F008B0FC5</string>
			<key>isa</key>
			<string>PBXBuildFile</string>
		</dict>
		<key>91BC75791CA1A738008B0FC5</key>
		<dict>
			<key>fileEncoding</key>
			<string>4</string>
			<key>isa</key>
			<string>PBXFileReference</string>
			<key>lastKnownFileType</key>
			<string>sourcecode.c.h</string>
			<key>path</key>
			<string>sideBarMenuVC.h</string>
			<key>sourceTree</key>
			<string>&lt;group&gt;</string>
		</dict>
		<key>91BC757A1CA1A738008B0FC5</key>
		<dict>
			<key>fileEncoding</key>
			<string>4</string>
			<key>isa</key>
			<string>PBXFileReference</string>
			<key>lastKnownFileType</key>
			<string>sourcecode.c.objc</string>
			<key>path</key>
			<string>sideBarMenuVC.m</string>
			<key>sourceTree</key>
			<string>&lt;group&gt;</string>
		</dict>
		<key>91BC757B1CA1A738008B0FC5</key>
		<dict>
			<key>fileRef</key>
			<string>91BC757A1CA1A738008B0FC5</string>
			<key>isa</key>
			<string>PBXBuildFile</string>
		</dict>
		<key>91BC757F1CA1ADE5008B0FC5</key>
		<dict>
			<key>fileEncoding</key>
			<string>4</string>
			<key>isa</key>
			<string>PBXFileReference</string>
			<key>lastKnownFileType</key>
			<string>sourcecode.c.h</string>
			<key>path</key>
			<string>menuCell.h</string>
			<key>sourceTree</key>
			<string>&lt;group&gt;</string>
		</dict>
		<key>91BC75801CA1ADE5008B0FC5</key>
		<dict>
			<key>fileEncoding</key>
			<string>4</string>
			<key>isa</key>
			<string>PBXFileReference</string>
			<key>lastKnownFileType</key>
			<string>sourcecode.c.objc</string>
			<key>path</key>
			<string>menuCell.m</string>
			<key>sourceTree</key>
			<string>&lt;group&gt;</string>
		</dict>
		<key>91BC75811CA1ADE5008B0FC5</key>
		<dict>
			<key>fileRef</key>
			<string>91BC75801CA1ADE5008B0FC5</string>
			<key>isa</key>
			<string>PBXBuildFile</string>
		</dict>
		<key>91E14A441CB6E330009DCC09</key>
		<dict>
			<key>fileEncoding</key>
			<string>4</string>
			<key>isa</key>
			<string>PBXFileReference</string>
			<key>lastKnownFileType</key>
			<string>sourcecode.c.h</string>
			<key>path</key>
			<string>tabCell2.h</string>
			<key>sourceTree</key>
			<string>&lt;group&gt;</string>
		</dict>
		<key>91E14A451CB6E330009DCC09</key>
		<dict>
			<key>fileEncoding</key>
			<string>4</string>
			<key>isa</key>
			<string>PBXFileReference</string>
			<key>lastKnownFileType</key>
			<string>sourcecode.c.objc</string>
			<key>path</key>
			<string>tabCell2.m</string>
			<key>sourceTree</key>
			<string>&lt;group&gt;</string>
		</dict>
		<key>91E14A461CB6E330009DCC09</key>
		<dict>
			<key>fileRef</key>
			<string>91E14A451CB6E330009DCC09</string>
			<key>isa</key>
			<string>PBXBuildFile</string>
		</dict>
		<key>91E14A471CB6E3A1009DCC09</key>
		<dict>
			<key>fileEncoding</key>
			<string>4</string>
			<key>isa</key>
			<string>PBXFileReference</string>
			<key>lastKnownFileType</key>
			<string>file.xib</string>
			<key>path</key>
			<string>currentTabBottomSection.xib</string>
			<key>sourceTree</key>
			<string>&lt;group&gt;</string>
		</dict>
		<key>91E14A481CB6E3A1009DCC09</key>
		<dict>
			<key>fileEncoding</key>
			<string>4</string>
			<key>isa</key>
			<string>PBXFileReference</string>
			<key>lastKnownFileType</key>
			<string>file.xib</string>
			<key>path</key>
			<string>currentTabTopSection.xib</string>
			<key>sourceTree</key>
			<string>&lt;group&gt;</string>
		</dict>
		<key>91E14A491CB6E3A1009DCC09</key>
		<dict>
			<key>fileRef</key>
			<string>91E14A471CB6E3A1009DCC09</string>
			<key>isa</key>
			<string>PBXBuildFile</string>
		</dict>
		<key>91E14A4A1CB6E3A1009DCC09</key>
		<dict>
			<key>fileRef</key>
			<string>91E14A481CB6E3A1009DCC09</string>
			<key>isa</key>
			<string>PBXBuildFile</string>
		</dict>
		<key>91E14A4B1CB6E3C0009DCC09</key>
		<dict>
			<key>fileEncoding</key>
			<string>4</string>
			<key>isa</key>
			<string>PBXFileReference</string>
			<key>lastKnownFileType</key>
			<string>sourcecode.c.h</string>
			<key>path</key>
			<string>currentTabBottomSection.h</string>
			<key>sourceTree</key>
			<string>&lt;group&gt;</string>
		</dict>
		<key>91E14A4C1CB6E3C0009DCC09</key>
		<dict>
			<key>fileEncoding</key>
			<string>4</string>
			<key>isa</key>
			<string>PBXFileReference</string>
			<key>lastKnownFileType</key>
			<string>sourcecode.c.objc</string>
			<key>path</key>
			<string>currentTabBottomSection.m</string>
			<key>sourceTree</key>
			<string>&lt;group&gt;</string>
		</dict>
		<key>91E14A4D1CB6E3C0009DCC09</key>
		<dict>
			<key>fileEncoding</key>
			<string>4</string>
			<key>isa</key>
			<string>PBXFileReference</string>
			<key>lastKnownFileType</key>
			<string>sourcecode.c.h</string>
			<key>path</key>
			<string>currentTabTopSection.h</string>
			<key>sourceTree</key>
			<string>&lt;group&gt;</string>
		</dict>
		<key>91E14A4E1CB6E3C0009DCC09</key>
		<dict>
			<key>fileEncoding</key>
			<string>4</string>
			<key>isa</key>
			<string>PBXFileReference</string>
			<key>lastKnownFileType</key>
			<string>sourcecode.c.objc</string>
			<key>path</key>
			<string>currentTabTopSection.m</string>
			<key>sourceTree</key>
			<string>&lt;group&gt;</string>
		</dict>
		<key>91E14A4F1CB6E3C0009DCC09</key>
		<dict>
			<key>fileRef</key>
			<string>91E14A4C1CB6E3C0009DCC09</string>
			<key>isa</key>
			<string>PBXBuildFile</string>
		</dict>
		<key>91E2C1441CC009B000E057B6</key>
		<dict>
			<key>fileEncoding</key>
			<string>4</string>
			<key>isa</key>
			<string>PBXFileReference</string>
			<key>lastKnownFileType</key>
			<string>sourcecode.c.h</string>
			<key>path</key>
			<string>CurrentTabProduct.h</string>
			<key>sourceTree</key>
			<string>&lt;group&gt;</string>
		</dict>
		<key>91E2C1451CC009B000E057B6</key>
		<dict>
			<key>fileEncoding</key>
			<string>4</string>
			<key>isa</key>
			<string>PBXFileReference</string>
			<key>lastKnownFileType</key>
			<string>sourcecode.c.objc</string>
			<key>path</key>
			<string>CurrentTabProduct.m</string>
			<key>sourceTree</key>
			<string>&lt;group&gt;</string>
		</dict>
		<key>91E2C1461CC009B000E057B6</key>
		<dict>
			<key>fileRef</key>
			<string>91E2C1451CC009B000E057B6</string>
			<key>isa</key>
			<string>PBXBuildFile</string>
		</dict>
		<key>92C7435CC74C3CA2DCF3C1E5</key>
		<dict>
			<key>buildActionMask</key>
			<string>2147483647</string>
			<key>files</key>
			<array/>
			<key>inputPaths</key>
			<array/>
			<key>isa</key>
			<string>PBXShellScriptBuildPhase</string>
			<key>name</key>
			<string>Embed Pods Frameworks</string>
			<key>outputPaths</key>
			<array/>
			<key>runOnlyForDeploymentPostprocessing</key>
			<string>0</string>
			<key>shellPath</key>
			<string>/bin/sh</string>
			<key>shellScript</key>
			<string>"${SRCROOT}/Pods/Target Support Files/Pods-IntegerBar/Pods-IntegerBar-frameworks.sh"
</string>
			<key>showEnvVarsInLog</key>
			<string>0</string>
		</dict>
		<key>96DAEF4CEA6F1312A549720E</key>
		<dict>
			<key>children</key>
			<array>
				<string>9C2F76871CC6AB55008D9262</string>
				<string>7E1B966C0708BB7184328609</string>
				<string>F966D6D7BC2F2F75435973C7</string>
			</array>
			<key>isa</key>
			<string>PBXGroup</string>
			<key>name</key>
			<string>Frameworks</string>
			<key>sourceTree</key>
			<string>&lt;group&gt;</string>
		</dict>
		<key>9BE5EB8BBA0F2B20E9A71AD2</key>
		<dict>
			<key>includeInIndex</key>
			<string>1</string>
			<key>isa</key>
			<string>PBXFileReference</string>
			<key>lastKnownFileType</key>
			<string>text.xcconfig</string>
			<key>name</key>
			<string>Pods-IntegerBar.debug.xcconfig</string>
			<key>path</key>
			<string>Pods/Target Support Files/Pods-IntegerBar/Pods-IntegerBar.debug.xcconfig</string>
			<key>sourceTree</key>
			<string>&lt;group&gt;</string>
		</dict>
		<key>9C2F76821CBBC1EC008D9262</key>
		<dict>
			<key>fileEncoding</key>
			<string>4</string>
			<key>isa</key>
			<string>PBXFileReference</string>
			<key>lastKnownFileType</key>
			<string>file.storyboard</string>
			<key>path</key>
			<string>Login.storyboard</string>
			<key>sourceTree</key>
			<string>&lt;group&gt;</string>
		</dict>
		<key>9C2F76831CBBC1EC008D9262</key>
		<dict>
			<key>fileRef</key>
			<string>9C2F76821CBBC1EC008D9262</string>
			<key>isa</key>
			<string>PBXBuildFile</string>
		</dict>
		<key>9C2F76841CBBCC0C008D9262</key>
		<dict>
			<key>fileEncoding</key>
			<string>4</string>
			<key>isa</key>
			<string>PBXFileReference</string>
			<key>lastKnownFileType</key>
			<string>sourcecode.c.h</string>
			<key>path</key>
			<string>LoginViewController.h</string>
			<key>sourceTree</key>
			<string>&lt;group&gt;</string>
		</dict>
		<key>9C2F76851CBBCC0C008D9262</key>
		<dict>
			<key>fileEncoding</key>
			<string>4</string>
			<key>isa</key>
			<string>PBXFileReference</string>
			<key>lastKnownFileType</key>
			<string>sourcecode.c.objc</string>
			<key>path</key>
			<string>LoginViewController.m</string>
			<key>sourceTree</key>
			<string>&lt;group&gt;</string>
		</dict>
		<key>9C2F76871CC6AB55008D9262</key>
		<dict>
			<key>isa</key>
			<string>PBXFileReference</string>
			<key>lastKnownFileType</key>
			<string>archive.ar</string>
			<key>name</key>
			<string>libFBSDKLoginKit.a</string>
			<key>path</key>
			<string>../../Library/Developer/Xcode/DerivedData/IntegerBar-dghauojlbeuskbgimyqixvvxhtjt/Build/Products/Debug-iphonesimulator/libFBSDKLoginKit.a</string>
			<key>sourceTree</key>
			<string>&lt;group&gt;</string>
		</dict>
		<key>9C2F76881CC6AB55008D9262</key>
		<dict>
			<key>fileRef</key>
			<string>9C2F76871CC6AB55008D9262</string>
			<key>isa</key>
			<string>PBXBuildFile</string>
		</dict>
		<key>9C416EC91CAB001A00CACC79</key>
		<dict>
			<key>fileEncoding</key>
			<string>4</string>
			<key>isa</key>
			<string>PBXFileReference</string>
			<key>lastKnownFileType</key>
			<string>sourcecode.c.objc</string>
			<key>path</key>
			<string>UserProfile.m</string>
			<key>sourceTree</key>
			<string>&lt;group&gt;</string>
		</dict>
		<key>9C416ECA1CAB001A00CACC79</key>
		<dict>
			<key>fileRef</key>
			<string>9C416EC91CAB001A00CACC79</string>
			<key>isa</key>
			<string>PBXBuildFile</string>
		</dict>
		<key>9C416ECB1CAB016800CACC79</key>
		<dict>
			<key>fileEncoding</key>
			<string>4</string>
			<key>isa</key>
			<string>PBXFileReference</string>
			<key>lastKnownFileType</key>
			<string>text</string>
			<key>path</key>
			<string>.gitignore</string>
			<key>sourceTree</key>
			<string>&lt;group&gt;</string>
		</dict>
		<key>9C416ECC1CAB016800CACC79</key>
		<dict>
			<key>fileRef</key>
			<string>9C416ECB1CAB016800CACC79</string>
			<key>isa</key>
			<string>PBXBuildFile</string>
		</dict>
		<key>9C416ECE1CAB023900CACC79</key>
		<dict>
			<key>fileEncoding</key>
			<string>4</string>
			<key>isa</key>
			<string>PBXFileReference</string>
			<key>lastKnownFileType</key>
			<string>file.storyboard</string>
			<key>path</key>
			<string>UserProfile.storyboard</string>
			<key>sourceTree</key>
			<string>&lt;group&gt;</string>
		</dict>
		<key>9C416ECF1CAB023900CACC79</key>
		<dict>
			<key>fileRef</key>
			<string>9C416ECE1CAB023900CACC79</string>
			<key>isa</key>
			<string>PBXBuildFile</string>
		</dict>
		<key>9C4F88321CC6ACA200ED2AAA</key>
		<dict>
			<key>fileRef</key>
			<string>9C2F76851CBBCC0C008D9262</string>
			<key>isa</key>
			<string>PBXBuildFile</string>
		</dict>
		<key>9C4F88331CC6AEDB00ED2AAA</key>
		<dict>
			<key>fileEncoding</key>
			<string>4</string>
			<key>isa</key>
			<string>PBXFileReference</string>
			<key>lastKnownFileType</key>
			<string>sourcecode.c.h</string>
			<key>path</key>
			<string>UserModel.h</string>
			<key>sourceTree</key>
			<string>&lt;group&gt;</string>
		</dict>
		<key>9C4F88341CC6AEDB00ED2AAA</key>
		<dict>
			<key>fileEncoding</key>
			<string>4</string>
			<key>isa</key>
			<string>PBXFileReference</string>
			<key>lastKnownFileType</key>
			<string>sourcecode.c.objc</string>
			<key>path</key>
			<string>UserModel.m</string>
			<key>sourceTree</key>
			<string>&lt;group&gt;</string>
		</dict>
		<key>9C4F88351CC6AEDB00ED2AAA</key>
		<dict>
			<key>fileRef</key>
			<string>9C4F88341CC6AEDB00ED2AAA</string>
			<key>isa</key>
			<string>PBXBuildFile</string>
		</dict>
		<key>9CADA7011CC7A00B008C1145</key>
		<dict>
			<key>fileEncoding</key>
			<string>4</string>
			<key>isa</key>
			<string>PBXFileReference</string>
			<key>lastKnownFileType</key>
			<string>sourcecode.c.h</string>
			<key>path</key>
			<string>HttpRequest.h</string>
			<key>sourceTree</key>
			<string>&lt;group&gt;</string>
		</dict>
		<key>9CADA7021CC7A00B008C1145</key>
		<dict>
			<key>fileEncoding</key>
			<string>4</string>
			<key>isa</key>
			<string>PBXFileReference</string>
			<key>lastKnownFileType</key>
			<string>sourcecode.c.objc</string>
			<key>path</key>
			<string>HttpRequest.m</string>
			<key>sourceTree</key>
			<string>&lt;group&gt;</string>
		</dict>
		<key>9CADA7031CC7A00B008C1145</key>
		<dict>
			<key>fileRef</key>
			<string>9CADA7021CC7A00B008C1145</string>
			<key>isa</key>
			<string>PBXBuildFile</string>
		</dict>
		<key>9CADA7041CC7A011008C1145</key>
		<dict>
			<key>children</key>
			<array>
				<string>9CADA7011CC7A00B008C1145</string>
				<string>9CADA7021CC7A00B008C1145</string>
			</array>
			<key>isa</key>
			<string>PBXGroup</string>
			<key>name</key>
			<string>Http</string>
			<key>sourceTree</key>
			<string>&lt;group&gt;</string>
		</dict>
		<key>A0D847B54CC744695235A567</key>
		<dict>
			<key>buildActionMask</key>
			<string>2147483647</string>
			<key>files</key>
			<array/>
			<key>inputPaths</key>
			<array/>
			<key>isa</key>
			<string>PBXShellScriptBuildPhase</string>
			<key>name</key>
			<string>Copy Pods Resources</string>
			<key>outputPaths</key>
			<array/>
			<key>runOnlyForDeploymentPostprocessing</key>
			<string>0</string>
			<key>shellPath</key>
			<string>/bin/sh</string>
			<key>shellScript</key>
			<string>"${SRCROOT}/Pods/Target Support Files/Pods-IntegerBarTests/Pods-IntegerBarTests-resources.sh"
</string>
			<key>showEnvVarsInLog</key>
			<string>0</string>
		</dict>
		<key>AD963D8E75F818DF22E47A92</key>
		<dict>
			<key>buildActionMask</key>
			<string>2147483647</string>
			<key>files</key>
			<array/>
			<key>inputPaths</key>
			<array/>
			<key>isa</key>
			<string>PBXShellScriptBuildPhase</string>
			<key>name</key>
			<string>Copy Pods Resources</string>
			<key>outputPaths</key>
			<array/>
			<key>runOnlyForDeploymentPostprocessing</key>
			<string>0</string>
			<key>shellPath</key>
			<string>/bin/sh</string>
			<key>shellScript</key>
			<string>"${SRCROOT}/Pods/Target Support Files/Pods-IntegerBar/Pods-IntegerBar-resources.sh"
</string>
			<key>showEnvVarsInLog</key>
			<string>0</string>
		</dict>
		<key>C30C38571CC5084F00603691</key>
		<dict>
			<key>fileEncoding</key>
			<string>4</string>
			<key>isa</key>
			<string>PBXFileReference</string>
			<key>lastKnownFileType</key>
			<string>sourcecode.c.h</string>
			<key>path</key>
			<string>ProductTableViewController.h</string>
			<key>sourceTree</key>
			<string>&lt;group&gt;</string>
		</dict>
		<key>C30C38581CC5084F00603691</key>
		<dict>
			<key>fileEncoding</key>
			<string>4</string>
			<key>isa</key>
			<string>PBXFileReference</string>
			<key>lastKnownFileType</key>
			<string>sourcecode.c.objc</string>
			<key>path</key>
			<string>ProductTableViewController.m</string>
			<key>sourceTree</key>
			<string>&lt;group&gt;</string>
		</dict>
		<key>C30C38591CC5084F00603691</key>
		<dict>
			<key>fileRef</key>
			<string>C30C38581CC5084F00603691</string>
			<key>isa</key>
			<string>PBXBuildFile</string>
		</dict>
		<key>C30C385A1CC514A600603691</key>
		<dict>
			<key>fileEncoding</key>
			<string>4</string>
			<key>isa</key>
			<string>PBXFileReference</string>
			<key>lastKnownFileType</key>
			<string>file.xib</string>
			<key>path</key>
			<string>ProductDetailsCell.xib</string>
			<key>sourceTree</key>
			<string>&lt;group&gt;</string>
		</dict>
		<key>C30C385B1CC514A600603691</key>
		<dict>
			<key>fileRef</key>
			<string>C30C385A1CC514A600603691</string>
			<key>isa</key>
			<string>PBXBuildFile</string>
		</dict>
		<key>C30C38611CC524CA00603691</key>
		<dict>
			<key>fileEncoding</key>
			<string>4</string>
			<key>isa</key>
			<string>PBXFileReference</string>
			<key>lastKnownFileType</key>
			<string>sourcecode.c.h</string>
			<key>path</key>
			<string>ProductTableViewCell.h</string>
			<key>sourceTree</key>
			<string>&lt;group&gt;</string>
		</dict>
		<key>C30C38621CC524CA00603691</key>
		<dict>
			<key>fileEncoding</key>
			<string>4</string>
			<key>isa</key>
			<string>PBXFileReference</string>
			<key>lastKnownFileType</key>
			<string>sourcecode.c.objc</string>
			<key>path</key>
			<string>ProductTableViewCell.m</string>
			<key>sourceTree</key>
			<string>&lt;group&gt;</string>
		</dict>
		<key>C30C38641CC524CA00603691</key>
		<dict>
			<key>fileRef</key>
			<string>C30C38621CC524CA00603691</string>
			<key>isa</key>
			<string>PBXBuildFile</string>
		</dict>
		<key>C3385EE81CA4691900918E30</key>
		<dict>
			<key>fileEncoding</key>
			<string>4</string>
			<key>isa</key>
			<string>PBXFileReference</string>
			<key>lastKnownFileType</key>
			<string>sourcecode.c.h</string>
			<key>path</key>
			<string>QRViewController.h</string>
			<key>sourceTree</key>
			<string>&lt;group&gt;</string>
		</dict>
		<key>C3385EE91CA4691900918E30</key>
		<dict>
			<key>fileEncoding</key>
			<string>4</string>
			<key>isa</key>
			<string>PBXFileReference</string>
			<key>lastKnownFileType</key>
			<string>sourcecode.c.objc</string>
			<key>path</key>
			<string>QRViewController.m</string>
			<key>sourceTree</key>
			<string>&lt;group&gt;</string>
		</dict>
		<key>C3385EEA1CA4691900918E30</key>
		<dict>
			<key>fileRef</key>
			<string>C3385EE91CA4691900918E30</string>
			<key>isa</key>
			<string>PBXBuildFile</string>
		</dict>
		<key>C33E58E31CAC46F300860EBF</key>
		<dict>
			<key>children</key>
			<array/>
			<key>isa</key>
			<string>PBXGroup</string>
			<key>name</key>
			<string>QRVIewController</string>
			<key>sourceTree</key>
			<string>&lt;group&gt;</string>
		</dict>
		<key>C33E58E41CAC478000860EBF</key>
		<dict>
			<key>children</key>
			<array>
				<string>C33E58F21CAC49AC00860EBF</string>
				<string>C33E58F31CAC49AC00860EBF</string>
				<string>C30C38571CC5084F00603691</string>
				<string>C30C38581CC5084F00603691</string>
			</array>
			<key>isa</key>
			<string>PBXGroup</string>
			<key>name</key>
			<string>OrderVC</string>
			<key>sourceTree</key>
			<string>&lt;group&gt;</string>
		</dict>
		<key>C33E58EA1CAC490A00860EBF</key>
		<dict>
			<key>fileEncoding</key>
			<string>4</string>
			<key>isa</key>
			<string>PBXFileReference</string>
			<key>lastKnownFileType</key>
			<string>sourcecode.c.h</string>
			<key>path</key>
			<string>CustomHeaderTableViewCell.h</string>
			<key>sourceTree</key>
			<string>&lt;group&gt;</string>
		</dict>
		<key>C33E58EB1CAC490A00860EBF</key>
		<dict>
			<key>fileEncoding</key>
			<string>4</string>
			<key>isa</key>
			<string>PBXFileReference</string>
			<key>lastKnownFileType</key>
			<string>sourcecode.c.objc</string>
			<key>path</key>
			<string>CustomHeaderTableViewCell.m</string>
			<key>sourceTree</key>
			<string>&lt;group&gt;</string>
		</dict>
		<key>C33E58EC1CAC490A00860EBF</key>
		<dict>
			<key>fileEncoding</key>
			<string>4</string>
			<key>isa</key>
			<string>PBXFileReference</string>
			<key>lastKnownFileType</key>
			<string>file.xib</string>
			<key>path</key>
			<string>CustomHeaderTableViewCell.xib</string>
			<key>sourceTree</key>
			<string>&lt;group&gt;</string>
		</dict>
		<key>C33E58ED1CAC490A00860EBF</key>
		<dict>
			<key>fileRef</key>
			<string>C33E58EB1CAC490A00860EBF</string>
			<key>isa</key>
			<string>PBXBuildFile</string>
		</dict>
		<key>C33E58EE1CAC490A00860EBF</key>
		<dict>
			<key>fileRef</key>
			<string>C33E58EC1CAC490A00860EBF</string>
			<key>isa</key>
			<string>PBXBuildFile</string>
		</dict>
		<key>C33E58EF1CAC494400860EBF</key>
		<dict>
			<key>children</key>
			<array>
				<string>91E14A471CB6E3A1009DCC09</string>
				<string>C30C385A1CC514A600603691</string>
				<string>91E14A481CB6E3A1009DCC09</string>
				<string>C33E58EC1CAC490A00860EBF</string>
				<string>C33E58F71CAC5BE100860EBF</string>
			</array>
			<key>isa</key>
			<string>PBXGroup</string>
			<key>name</key>
			<string>Xibs</string>
			<key>sourceTree</key>
			<string>&lt;group&gt;</string>
		</dict>
		<key>C33E58F01CAC498600860EBF</key>
		<dict>
			<key>fileEncoding</key>
			<string>4</string>
			<key>isa</key>
			<string>PBXFileReference</string>
			<key>lastKnownFileType</key>
			<string>file.storyboard</string>
			<key>path</key>
			<string>OrderStoryboard.storyboard</string>
			<key>sourceTree</key>
			<string>&lt;group&gt;</string>
		</dict>
		<key>C33E58F11CAC498600860EBF</key>
		<dict>
			<key>fileRef</key>
			<string>C33E58F01CAC498600860EBF</string>
			<key>isa</key>
			<string>PBXBuildFile</string>
		</dict>
		<key>C33E58F21CAC49AC00860EBF</key>
		<dict>
			<key>fileEncoding</key>
			<string>4</string>
			<key>isa</key>
			<string>PBXFileReference</string>
			<key>lastKnownFileType</key>
			<string>sourcecode.c.h</string>
			<key>path</key>
			<string>OrderTableViewController.h</string>
			<key>sourceTree</key>
			<string>&lt;group&gt;</string>
		</dict>
		<key>C33E58F31CAC49AC00860EBF</key>
		<dict>
			<key>fileEncoding</key>
			<string>4</string>
			<key>isa</key>
			<string>PBXFileReference</string>
			<key>lastKnownFileType</key>
			<string>sourcecode.c.objc</string>
			<key>path</key>
			<string>OrderTableViewController.m</string>
			<key>sourceTree</key>
			<string>&lt;group&gt;</string>
		</dict>
		<key>C33E58F41CAC49AC00860EBF</key>
		<dict>
			<key>fileRef</key>
			<string>C33E58F31CAC49AC00860EBF</string>
			<key>isa</key>
			<string>PBXBuildFile</string>
		</dict>
		<key>C33E58F51CAC5BE100860EBF</key>
		<dict>
			<key>fileEncoding</key>
			<string>4</string>
			<key>isa</key>
			<string>PBXFileReference</string>
			<key>lastKnownFileType</key>
			<string>sourcecode.c.h</string>
			<key>path</key>
			<string>CustomCategoryTableViewCell.h</string>
			<key>sourceTree</key>
			<string>&lt;group&gt;</string>
		</dict>
		<key>C33E58F61CAC5BE100860EBF</key>
		<dict>
			<key>fileEncoding</key>
			<string>4</string>
			<key>isa</key>
			<string>PBXFileReference</string>
			<key>lastKnownFileType</key>
			<string>sourcecode.c.objc</string>
			<key>path</key>
			<string>CustomCategoryTableViewCell.m</string>
			<key>sourceTree</key>
			<string>&lt;group&gt;</string>
		</dict>
		<key>C33E58F71CAC5BE100860EBF</key>
		<dict>
			<key>fileEncoding</key>
			<string>4</string>
			<key>isa</key>
			<string>PBXFileReference</string>
			<key>lastKnownFileType</key>
			<string>file.xib</string>
			<key>path</key>
			<string>CustomCategoryTableViewCell.xib</string>
			<key>sourceTree</key>
			<string>&lt;group&gt;</string>
		</dict>
		<key>C33E58F81CAC5BE100860EBF</key>
		<dict>
			<key>fileRef</key>
			<string>C33E58F61CAC5BE100860EBF</string>
			<key>isa</key>
			<string>PBXBuildFile</string>
		</dict>
		<key>C33E58F91CAC5BE100860EBF</key>
		<dict>
			<key>fileRef</key>
			<string>C33E58F71CAC5BE100860EBF</string>
			<key>isa</key>
			<string>PBXBuildFile</string>
		</dict>
		<key>C357CF731CB6DA1600AD4F93</key>
		<dict>
			<key>fileEncoding</key>
			<string>4</string>
			<key>isa</key>
			<string>PBXFileReference</string>
			<key>lastKnownFileType</key>
			<string>sourcecode.c.h</string>
			<key>path</key>
			<string>FeedCell.h</string>
			<key>sourceTree</key>
			<string>&lt;group&gt;</string>
		</dict>
		<key>C357CF741CB6DA1600AD4F93</key>
		<dict>
			<key>fileEncoding</key>
			<string>4</string>
			<key>isa</key>
			<string>PBXFileReference</string>
			<key>lastKnownFileType</key>
			<string>sourcecode.c.objc</string>
			<key>path</key>
			<string>FeedCell.m</string>
			<key>sourceTree</key>
			<string>&lt;group&gt;</string>
		</dict>
		<key>C357CF751CB6DA1600AD4F93</key>
		<dict>
			<key>fileRef</key>
			<string>C357CF741CB6DA1600AD4F93</string>
			<key>isa</key>
			<string>PBXBuildFile</string>
		</dict>
		<key>D8375B0C22881107DC1765D8</key>
		<dict>
			<key>fileRef</key>
			<string>F966D6D7BC2F2F75435973C7</string>
			<key>isa</key>
			<string>PBXBuildFile</string>
		</dict>
		<key>D96091DF6E197B1E64FC3A4B</key>
		<dict>
			<key>fileRef</key>
			<string>7E1B966C0708BB7184328609</string>
			<key>isa</key>
			<string>PBXBuildFile</string>
		</dict>
		<key>DE86CEFB2996F4F17392388A</key>
		<dict>
			<key>buildActionMask</key>
			<string>2147483647</string>
			<key>files</key>
			<array/>
			<key>inputPaths</key>
			<array/>
			<key>isa</key>
			<string>PBXShellScriptBuildPhase</string>
			<key>name</key>
			<string>Embed Pods Frameworks</string>
			<key>outputPaths</key>
			<array/>
			<key>runOnlyForDeploymentPostprocessing</key>
			<string>0</string>
			<key>shellPath</key>
			<string>/bin/sh</string>
			<key>shellScript</key>
			<string>"${SRCROOT}/Pods/Target Support Files/Pods-IntegerBarTests/Pods-IntegerBarTests-frameworks.sh"
</string>
			<key>showEnvVarsInLog</key>
			<string>0</string>
		</dict>
		<key>F966D6D7BC2F2F75435973C7</key>
		<dict>
			<key>explicitFileType</key>
			<string>wrapper.framework</string>
			<key>includeInIndex</key>
			<string>0</string>
			<key>isa</key>
			<string>PBXFileReference</string>
			<key>path</key>
			<string>Pods_IntegerBarTests.framework</string>
			<key>sourceTree</key>
			<string>BUILT_PRODUCTS_DIR</string>
		</dict>
	</dict>
	<key>rootObject</key>
	<string>918207B41CA04F920085E81A</string>
</dict>
</plist>
